
Microsoft Visual Studio Solution File, Format Version 12.00
# Visual Studio Version 18
VisualStudioVersion = 18.7.11925.98
MinimumVisualStudioVersion = 10.0.40219.1
Project("{FAE04EC0-301F-11D3-BF4B-00C04F79EFBC}") = "EmployeManagementSoftware", "EmployeManagementSoftware.csproj", "{4D05C029-1446-4B9D-BB2E-001277D2BD76}"
EndProject
Global
	GlobalSection(SolutionConfigurationPlatforms) = preSolution
		Debug|Any CPU = Debug|Any CPU
		Release|Any CPU = Release|Any CPU
	EndGlobalSection
	GlobalSection(ProjectConfigurationPlatforms) = postSolution
		{4D05C029-1446-4B9D-BB2E-001277D2BD76}.Debug|Any CPU.ActiveCfg = Debug|Any CPU
		{4D05C029-1446-4B9D-BB2E-001277D2BD76}.Debug|Any CPU.Build.0 = Debug|Any CPU
		{4D05C029-1446-4B9D-BB2E-001277D2BD76}.Release|Any CPU.ActiveCfg = Release|Any CPU
		{4D05C029-1446-4B9D-BB2E-001277D2BD76}.Release|Any CPU.Build.0 = Release|Any CPU
	EndGlobalSection
	GlobalSection(SolutionProperties) = preSolution
		HideSolutionNode = FALSE
	EndGlobalSection
	GlobalSection(ExtensibilityGlobals) = postSolution
		SolutionGuid = {1E0C33D3-A9DB-44F3-A29C-F084D9D6C685}
	EndGlobalSection
EndGlobal
